github.com/BazaarTrade/MatchingEngineProtoGen v0.0.0-20250103112141-2095bead5f53 h1:gUXbMUsZ1W/oV9tnxcizjrqXQx3R3gq9c/oN38PqSDs=
github.com/BazaarTrade/MatchingEngineProtoGen v0.0.0-20250103112141-2095bead5f53/go.mod h1:yzpw6r1jsQiWCi2vscQT0I9BCR63suaxq5DG5/kmREI=
github.com/BazaarTrade/MatchingEngineProtoGen v0.0.0-20250115142947-9ba9d2ecbac3 h1:G2tc2aTJO6BazwLAnHIh0jWY2oUOTbFLWTPx/1lGHSw=
github.com/BazaarTrade/MatchingEngineProtoGen v0.0.0-20250115142947-9ba9d2ecbac3/go.mod h1:yzpw6r1jsQiWCi2vscQT0I9BCR63suaxq5DG5/kmREI=
github.com/BazaarTrade/MatchingEngineProtoGen v0.0.0-20250122191424-6fdb2e139ab3 h1:69FNjQPv6VCG1BtxdQMxyxGwAlOMArq+PO64rJ5b96Q=
github.com/BazaarTrade/MatchingEngineProtoGen v0.0.0-20250122191424-6fdb2e139ab3/go.mod h1:yzpw6r1jsQiWCi2vscQT0I9BCR63suaxq5DG5/kmREI=
github.com/BazaarTrade/MatchingEngineProtoGen v0.0.0-20250123113020-b5b674baafac h1:voNiMZSU3N1nZNqOfJVG5TDlDorcI0JEqlQceNQ1Uu4=
github.com/BazaarTrade/MatchingEngineProtoGen v0.0.0-20250123113020-b5b674baafac/go.mod h1:yzpw6r1jsQiWCi2vscQT0I9BCR63suaxq5DG5/kmREI=
github.com/BazaarTrade/MatchingEngineProtoGen v0.0.0-20250124140445-85b5579f9220 h1:3BjVnsI89bldcWL91MX17QqrFLw4rlZe/MKczohpBP0=
github.com/BazaarTrade/MatchingEngineProtoGen v0.0.0-20250124140445-85b5579f9220/go.mod h1:yzpw6r1jsQiWCi2vscQT0I9BCR63suaxq5DG5/kmREI=
github.com/BazaarTrade/MatchingEngineProtoGen v0.0.0-20250221150307-ff60566400de h1:O3Vq99EAjbT6/EAtDs3vJJ5dIRMhY0TV2uXPHozjab0=
github.com/BazaarTrade/MatchingEngineProtoGen v0.0.0-20250221150307-ff60566400de/go.mod h1:yzpw6r1jsQiWCi2vscQT0I9BCR63suaxq5DG5/kmREI=
github.com/BazaarTrade/QuoteProtoGen v0.0.0-20250103114916-d033337fbc90 h1:w3kHl2Sva3tTTecefYqfNnEIYX7gzdKBeI5+pMo1NFY=
github.com/BazaarTrade/QuoteProtoGen v0.0.0-20250103114916-d033337fbc90/go.mod h1:3MLWeDX9YMjNq0y7VjhbPIJ0i/bpUSKdPOf0XlpC6p0=
github.com/BazaarTrade/QuoteProtoGen v0.0.0-20250115140323-ba28641f072d h1:vqF9mQsX3oYpYaDms1/1pwbb4kp8QST/Kq8EDNeIlrs=
github.com/BazaarTrade/QuoteProtoGen v0.0.0-20250115140323-ba28641f072d/go.mod h1:3MLWeDX9YMjNq0y7VjhbPIJ0i/bpUSKdPOf0XlpC6p0=
github.com/BazaarTrade/QuoteProtoGen v0.0.0-20250115141224-88c92ab4b559 h1:yGrOAAQBvZcqHGzcGNM6sEiGHLaDKwf+s6XArp2ZLuk=
github.com/BazaarTrade/QuoteProtoGen v0.0.0-20250115141224-88c92ab4b559/go.mod h1:3MLWeDX9YMjNq0y7VjhbPIJ0i/bpUSKdPOf0XlpC6p0=
github.com/BazaarTrade/QuoteProtoGen v0.0.0-20250115145721-24e548579649 h1:r0DQ+3BCWcl33eNuf3aKSLwhdyuzbGZ3uAgazLdgdos=
github.com/BazaarTrade/QuoteProtoGen v0.0.0-20250115145721-24e548579649/go.mod h1:3MLWeDX9YMjNq0y7VjhbPIJ0i/bpUSKdPOf0XlpC6p0=
github.com/BazaarTrade/QuoteProtoGen v0.0.0-20250119205143-217213424509 h1:4tToCPzV8mSYkPLoFB04FsApIs+ncnbNAnzYHZwMrAM=
github.com/BazaarTrade/QuoteProtoGen v0.0.0-20250119205143-217213424509/go.mod h1:3MLWeDX9YMjNq0y7VjhbPIJ0i/bpUSKdPOf0XlpC6p0=
github.com/BazaarTrade/QuoteProtoGen v0.0.0-20250124132027-79f663f010a3 h1:LeRbwQfaOP+EjaBgDje+5+OasJkqAIiQ6dq6r0lyxDs=
github.com/BazaarTrade/QuoteProtoGen v0.0.0-20250124132027-79f663f010a3/go.mod h1:3MLWeDX9YMjNq0y7VjhbPIJ0i/bpUSKdPOf0XlpC6p0=
github.com/BazaarTrade/QuoteProtoGen v0.0.0-20250221145916-8accbe4b9684 h1:VkW0rbCTHUEM+cJZ/nvXBxv2MRLf9ODsFz5f9w9uYF8=
github.com/BazaarTrade/QuoteProtoGen v0.0.0-20250221145916-8accbe4b9684/go.mod h1:3MLWeDX9YMjNq0y7VjhbPIJ0i/bpUSKdPOf0XlpC6p0=
github.com/davecgh/go-spew v1.1.0/go.mod h1:J7Y8YcW2NihsgmVo/mv3lAwl/skON4iLHjSsI+c5H38=
github.com/davecgh/go-spew v1.1.1 h1:vj9j/u1bqnvCEfJOwUhtlOARqs3+rkHYY13jYWTU97c=
github.com/davecgh/go-spew v1.1.1/go.mod h1:J7Y8YcW2NihsgmVo/mv3lAwl/skON4iLHjSsI+c5H38=
github.com/google/go-cmp v0.6.0 h1:ofyhxvXcZhMsU5ulbFiLKl/XBFqE1GSq7atu8tAmTRI=
github.com/google/go-cmp v0.6.0/go.mod h1:17dUlkBOakJ0+DkrSSNjCkIjxS6bF9zb3elmeNGIjoY=
github.com/jackc/pgpassfile v1.0.0 h1:/6Hmqy13Ss2zCq62VdNG8tM1wchn8zjSGOBJ6icpsIM=
github.com/jackc/pgpassfile v1.0.0/go.mod h1:CEx0iS5ambNFdcRtxPj5JhEz+xB6uRky5eyVu/W2HEg=
github.com/jackc/pgservicefile v0.0.0-20221227161230-091c0ba34f0a h1:bbPeKD0xmW/Y25WS6cokEszi5g+S0QxI/d45PkRi7Nk=
github.com/jackc/pgservicefile v0.0.0-20221227161230-091c0ba34f0a/go.mod h1:5TJZWKEWniPve33vlWYSoGYefn3gLQRzjfDlhSJ9ZKM=
github.com/jackc/pgx/v5 v5.5.4 h1:Xp2aQS8uXButQdnCMWNmvx6UysWQQC+u1EoizjguY+8=
github.com/jackc/pgx/v5 v5.5.4/go.mod h1:ez9gk+OAat140fv9ErkZDYFWmXLfV+++K0uAOiwgm1A=
github.com/jackc/puddle/v2 v2.2.1 h1:RhxXJtFG022u4ibrCSMSiu5aOq1i77R3OHKNJj77OAk=
github.com/jackc/puddle/v2 v2.2.1/go.mod h1:vriiEXHvEE654aYKXXjOvZM39qJ0q+azkZFrfEOc3H4=
github.com/joho/godotenv v1.5.1 h1:7eLL/+HRGLY0ldzfGMeQkb7vMd0as4CfYvUVzLqw0N0=
github.com/joho/godotenv v1.5.1/go.mod h1:f4LDr5Voq0i2e/R5DDNOoa2zzDfwtkZa6DnEwAbqwq4=
github.com/pmezard/go-difflib v1.0.0 h1:4DBwDE0NGyQoBHbLQYPwSUPoCMWR5BEzIk/f1lZbAQM=
github.com/pmezard/go-difflib v1.0.0/go.mod h1:iKH77koFhYxTK1pcRnkKkqfTogsbg7gZNVY4sRDYZ/4=
github.com/shopspring/decimal v1.4.0 h1:bxl37RwXBklmTi0C79JfXCEBD1cqqHt0bbgBAGFp81k=
github.com/shopspring/decimal v1.4.0/go.mod h1:gawqmDU56v4yIKSwfBSFip1HdCCXN8/+DMd9qYNcwME=
github.com/stretchr/objx v0.1.0/go.mod h1:HFkY916IF+rwdDfMAkV7OtwuqBVzrE8GR6GFx+wExME=
github.com/stretchr/testify v1.3.0/go.mod h1:M5WIy9Dh21IEIfnGCwXGc5bZfKNJtfHm1UVUgZn+9EI=
github.com/stretchr/testify v1.7.0/go.mod h1:6Fq8oRcR53rry900zMqJjRRixrwX3KX962/h/Wwjteg=
github.com/stretchr/testify v1.9.0 h1:HtqpIVDClZ4nwg75+f6Lvsy/wHu+3BoSGCbBAcpTsTg=
github.com/stretchr/testify v1.9.0/go.mod h1:r2ic/lqez/lEtzL7wO/rwa5dbSLXVDPFyf8C91i36aY=
golang.org/x/crypto v0.27.0 h1:GXm2NjJrPaiv/h1tb2UH8QfgC/hOf/+z0p6PT8o1w7A=
golang.org/x/crypto v0.27.0/go.mod h1:1Xngt8kV6Dvbssa53Ziq6Eqn0HqbZi5Z6R0ZpwQzt70=
golang.org/x/net v0.29.0 h1:5ORfpBpCs4HzDYoodCDBbwHzdR5UrLBZ3sOnUJmFoHo=
golang.org/x/net v0.29.0/go.mod h1:gLkgy8jTGERgjzMic6DS9+SP0ajcu6Xu3Orq/SpETg0=
golang.org/x/sync v0.8.0 h1:3NFvSEYkUoMifnESzZl15y791HH1qU2xm6eCJU5ZPXQ=
golang.org/x/sync v0.8.0/go.mod h1:Czt+wKu1gCyEFDUtn0jG5QVvpJ6rzVqr5aXyt9drQfk=
golang.org/x/sys v0.25.0 h1:r+8e+loiHxRqhXVl6ML1nO3l1+oFoWbnlu2Ehimmi34=
golang.org/x/sys v0.25.0/go.mod h1:/VUhepiaJMQUp4+oa/7Zr1D23ma6VTLIYjOOTFZPUcA=
golang.org/x/text v0.18.0 h1:XvMDiNzPAl0jr17s6W9lcaIhGUfUORdGCNsuLmPG224=
golang.org/x/text v0.18.0/go.mod h1:BuEKDfySbSR4drPmRPG/7iBdf8hvFMuRexcpahXilzY=
google.golang.org/genproto/googleapis/rpc v0.0.0-20240814211410-ddb44dafa142 h1:e7S5W7MGGLaSu8j3YjdezkZ+m1/Nm0uRVRMEMGk26Xs=
google.golang.org/genproto/googleapis/rpc v0.0.0-20240814211410-ddb44dafa142/go.mod h1:UqMtugtsSgubUsoxbuAoiCXvqvErP7Gf0so0mK9tHxU=
google.golang.org/grpc v1.67.1 h1:zWnc1Vrcno+lHZCOofnIMvycFcc0QRGIzm9dhnDX68E=
google.golang.org/grpc v1.67.1/go.mod h1:1gLDyUQU7CTLJI90u3nXZ9ekeghjeM7pTDZlqFNg2AA=
google.golang.org/protobuf v1.35.1 h1:m3LfL6/Ca+fqnjnlqQXNpFPABW1UD7mjh8KO2mKFytA=
google.golang.org/protobuf v1.35.1/go.mod h1:9fA7Ob0pmnwhb644+1+CVWFRbNajQ6iRojtC/QF5bRE=
gopkg.in/check.v1 v0.0.0-20161208181325-20d25e280405/go.mod h1:Co6ibVJAznAaIkqp8huTwlJQCZ016jof/cbN4VW5Yz0=
gopkg.in/yaml.v3 v3.0.0-20200313102051-9f266ea9e77c/go.mod h1:K4uyk7z7BCEPqu6E+C64Yfv1cQ7kz7rIZviUmN+EgEM=
gopkg.in/yaml.v3 v3.0.1 h1:fxVm/GzAzEWqLHuvctI91KS9hhNmmWOoWu0XTYJS7CA=
gopkg.in/yaml.v3 v3.0.1/go.mod h1:K4uyk7z7BCEPqu6E+C64Yfv1cQ7kz7rIZviUmN+EgEM=
