github.com/BazaarTrade/MatchingEngineProtoGen v0.0.0-20241010093210-a91ba91e977f h1:rwDrQpAV7cRn+3ccC8QGWTbuhdxVgOKNGK7nCBEh9O4=
github.com/BazaarTrade/MatchingEngineProtoGen v0.0.0-20241010093210-a91ba91e977f/go.mod h1:yzpw6r1jsQiWCi2vscQT0I9BCR63suaxq5DG5/kmREI=
github.com/BazaarTrade/MatchingEngineProtoGen v0.0.0-20241011131246-a4050526d486 h1:Y96h6qlQ5F6fjJB2pDunUj5TeEkCwKPwkbpicvwzXJY=
github.com/BazaarTrade/MatchingEngineProtoGen v0.0.0-20241011131246-a4050526d486/go.mod h1:yzpw6r1jsQiWCi2vscQT0I9BCR63suaxq5DG5/kmREI=
github.com/BazaarTrade/MatchingEngineProtoGen v0.0.0-20241013142430-c7713ebda06d h1:SIx7WjONebhTNvM1BcNV4rjyodtZNFwk6O+B9EKZWnA=
github.com/BazaarTrade/MatchingEngineProtoGen v0.0.0-20241013142430-c7713ebda06d/go.mod h1:yzpw6r1jsQiWCi2vscQT0I9BCR63suaxq5DG5/kmREI=
github.com/BazaarTrade/MatchingEngineProtoGen v0.0.0-20241013144311-c27f1d97b636 h1:5ZxEcsfgNdBFtQM3yrr0d5wIVl9HGvbH7Eo5Dg1GGkU=
github.com/BazaarTrade/MatchingEngineProtoGen v0.0.0-20241013144311-c27f1d97b636/go.mod h1:yzpw6r1jsQiWCi2vscQT0I9BCR63suaxq5DG5/kmREI=
github.com/BazaarTrade/QuoteProtoGen v0.0.0-20241010092535-2bc814116a12 h1:eug/tFpf8RB3JMbjPw266S8oiLFHlsxB9FMgtyvcKKk=
github.com/BazaarTrade/QuoteProtoGen v0.0.0-20241010092535-2bc814116a12/go.mod h1:3MLWeDX9YMjNq0y7VjhbPIJ0i/bpUSKdPOf0XlpC6p0=
github.com/BazaarTrade/QuoteProtoGen v0.0.0-20241011131413-caf31acb039f h1:OMPq3VTYGYax166D4nIBIPdWH/e95dd+1Xvkp05y2EA=
github.com/BazaarTrade/QuoteProtoGen v0.0.0-20241011131413-caf31acb039f/go.mod h1:3MLWeDX9YMjNq0y7VjhbPIJ0i/bpUSKdPOf0XlpC6p0=
github.com/BazaarTrade/QuoteProtoGen v0.0.0-20241013143914-8b6b5d133f27 h1:L4seT1x1ySLNq0UOhLvupV5f30SnG2jHO85hS7m08Tg=
github.com/BazaarTrade/QuoteProtoGen v0.0.0-20241013143914-8b6b5d133f27/go.mod h1:3MLWeDX9YMjNq0y7VjhbPIJ0i/bpUSKdPOf0XlpC6p0=
github.com/google/go-cmp v0.6.0 h1:ofyhxvXcZhMsU5ulbFiLKl/XBFqE1GSq7atu8tAmTRI=
github.com/google/go-cmp v0.6.0/go.mod h1:17dUlkBOakJ0+DkrSSNjCkIjxS6bF9zb3elmeNGIjoY=
github.com/shopspring/decimal v1.4.0 h1:bxl37RwXBklmTi0C79JfXCEBD1cqqHt0bbgBAGFp81k=
github.com/shopspring/decimal v1.4.0/go.mod h1:gawqmDU56v4yIKSwfBSFip1HdCCXN8/+DMd9qYNcwME=
golang.org/x/net v0.28.0 h1:a9JDOJc5GMUJ0+UDqmLT86WiEy7iWyIhz8gz8E4e5hE=
golang.org/x/net v0.28.0/go.mod h1:yqtgsTWOOnlGLG9GFRrK3++bGOUEkNBoHZc8MEDWPNg=
golang.org/x/sys v0.24.0 h1:Twjiwq9dn6R1fQcyiK+wQyHWfaz/BJB+YIpzU/Cv3Xg=
golang.org/x/sys v0.24.0/go.mod h1:/VUhepiaJMQUp4+oa/7Zr1D23ma6VTLIYjOOTFZPUcA=
golang.org/x/text v0.17.0 h1:XtiM5bkSOt+ewxlOE/aE/AKEHibwj/6gvWMl9Rsh0Qc=
golang.org/x/text v0.17.0/go.mod h1:BuEKDfySbSR4drPmRPG/7iBdf8hvFMuRexcpahXilzY=
google.golang.org/genproto/googleapis/rpc v0.0.0-20240814211410-ddb44dafa142 h1:e7S5W7MGGLaSu8j3YjdezkZ+m1/Nm0uRVRMEMGk26Xs=
google.golang.org/genproto/googleapis/rpc v0.0.0-20240814211410-ddb44dafa142/go.mod h1:UqMtugtsSgubUsoxbuAoiCXvqvErP7Gf0so0mK9tHxU=
google.golang.org/grpc v1.67.1 h1:zWnc1Vrcno+lHZCOofnIMvycFcc0QRGIzm9dhnDX68E=
google.golang.org/grpc v1.67.1/go.mod h1:1gLDyUQU7CTLJI90u3nXZ9ekeghjeM7pTDZlqFNg2AA=
google.golang.org/protobuf v1.35.1 h1:m3LfL6/Ca+fqnjnlqQXNpFPABW1UD7mjh8KO2mKFytA=
google.golang.org/protobuf v1.35.1/go.mod h1:9fA7Ob0pmnwhb644+1+CVWFRbNajQ6iRojtC/QF5bRE=
